// !$*UTF8*$!
{
	archiveVersion = 1;
	classes = {
	};
	objectVersion = 56;
	objects = {

/* Begin PBXBuildFile section */
		FB3F35082D78BCE1003E9387 /* pantalla_del_ganador.swift in Sources */ = {isa = PBXBuildFile; fileRef = FB3F35072D78BCE1003E9387 /* pantalla_del_ganador.swift */; };
		FB3F350A2D78BF44003E9387 /* barra_busqueda.swift in Sources */ = {isa = PBXBuildFile; fileRef = FB3F35092D78BF44003E9387 /* barra_busqueda.swift */; };
		FB9EAE432D7618DE00970D55 /* pantalla_agregar_contacto.swift in Sources */ = {isa = PBXBuildFile; fileRef = FB9EAE422D7618DE00970D55 /* pantalla_agregar_contacto.swift */; };
		FB9EAE472D761C4300970D55 /* Icono.swift in Sources */ = {isa = PBXBuildFile; fileRef = FB9EAE462D761C4300970D55 /* Icono.swift */; };
		FBD7D2CB2D6F797D00C40ABC /* Agenda_ShuffleApp.swift in Sources */ = {isa = PBXBuildFile; fileRef = FBD7D2CA2D6F797D00C40ABC /* Agenda_ShuffleApp.swift */; };
		FBD7D2CF2D6F797E00C40ABC /* Assets.xcassets in Resources */ = {isa = PBXBuildFile; fileRef = FBD7D2CE2D6F797E00C40ABC /* Assets.xcassets */; };
		FBD7D2D22D6F797E00C40ABC /* Preview Assets.xcassets in Resources */ = {isa = PBXBuildFile; fileRef = FBD7D2D12D6F797E00C40ABC /* Preview Assets.xcassets */; };
		FBD7D2DB2D6F7C1A00C40ABC /* PantallaAgenda.swift in Sources */ = {isa = PBXBuildFile; fileRef = FBD7D2DA2D6F7C1A00C40ABC /* PantallaAgenda.swift */; };
		FBD7D2DE2D6F7FC200C40ABC /* contacto_prevista.swift in Sources */ = {isa = PBXBuildFile; fileRef = FBD7D2DD2D6F7FC200C40ABC /* contacto_prevista.swift */; };
		FBD7D2E12D6F871500C40ABC /* contacto_agenda.swift in Sources */ = {isa = PBXBuildFile; fileRef = FBD7D2E02D6F871500C40ABC /* contacto_agenda.swift */; };
/* End PBXBuildFile section */

/* Begin PBXFileReference section */
		FB3F35072D78BCE1003E9387 /* pantalla_del_ganador.swift */ = {isa = PBXFileReference; lastKnownFileType = sourcecode.swift; path = pantalla_del_ganador.swift; sourceTree = "<group>"; };
		FB3F35092D78BF44003E9387 /* barra_busqueda.swift */ = {isa = PBXFileReference; lastKnownFileType = sourcecode.swift; path = barra_busqueda.swift; sourceTree = "<group>"; };
		FB9EAE422D7618DE00970D55 /* pantalla_agregar_contacto.swift */ = {isa = PBXFileReference; lastKnownFileType = sourcecode.swift; path = pantalla_agregar_contacto.swift; sourceTree = "<group>"; };
		FB9EAE462D761C4300970D55 /* Icono.swift */ = {isa = PBXFileReference; lastKnownFileType = sourcecode.swift; path = Icono.swift; sourceTree = "<group>"; };
		FBD7D2C72D6F797D00C40ABC /* Agenda Shuffle.app */ = {isa = PBXFileReference; explicitFileType = wrapper.application; includeInIndex = 0; path = "Agenda Shuffle.app"; sourceTree = BUILT_PRODUCTS_DIR; };
		FBD7D2CA2D6F797D00C40ABC /* Agenda_ShuffleApp.swift */ = {isa = PBXFileReference; lastKnownFileType = sourcecode.swift; path = Agenda_ShuffleApp.swift; sourceTree = "<group>"; };
		FBD7D2CE2D6F797E00C40ABC /* Assets.xcassets */ = {isa = PBXFileReference; lastKnownFileType = folder.assetcatalog; path = Assets.xcassets; sourceTree = "<group>"; };
		FBD7D2D12D6F797E00C40ABC /* Preview Assets.xcassets */ = {isa = PBXFileReference; lastKnownFileType = folder.assetcatalog; path = "Preview Assets.xcassets"; sourceTree = "<group>"; };
		FBD7D2DA2D6F7C1A00C40ABC /* PantallaAgenda.swift */ = {isa = PBXFileReference; lastKnownFileType = sourcecode.swift; path = PantallaAgenda.swift; sourceTree = "<group>"; };
		FBD7D2DD2D6F7FC200C40ABC /* contacto_prevista.swift */ = {isa = PBXFileReference; lastKnownFileType = sourcecode.swift; path = contacto_prevista.swift; sourceTree = "<group>"; };
		FBD7D2E02D6F871500C40ABC /* contacto_agenda.swift */ = {isa = PBXFileReference; lastKnownFileType = sourcecode.swift; path = contacto_agenda.swift; sourceTree = "<group>"; };
/* End PBXFileReference section */

/* Begin PBXFrameworksBuildPhase section */
		FBD7D2C42D6F797D00C40ABC /* Frameworks */ = {
			isa = PBXFrameworksBuildPhase;
			buildActionMask = 2147483647;
			files = (
			);
			runOnlyForDeploymentPostprocessing = 0;
		};
/* End PBXFrameworksBuildPhase section */

/* Begin PBXGroup section */
		FB9EAE412D7618BC00970D55 /* Pantallas */ = {
			isa = PBXGroup;
			children = (
				FB9EAE422D7618DE00970D55 /* pantalla_agregar_contacto.swift */,
				FB3F35072D78BCE1003E9387 /* pantalla_del_ganador.swift */,
			);
			path = Pantallas;
			sourceTree = "<group>";
		};
		FBD7D2BE2D6F797D00C40ABC = {
			isa = PBXGroup;
			children = (
				FBD7D2C92D6F797D00C40ABC /* Agenda Shuffle */,
				FBD7D2C82D6F797D00C40ABC /* Products */,
			);
			sourceTree = "<group>";
		};
		FBD7D2C82D6F797D00C40ABC /* Products */ = {
			isa = PBXGroup;
			children = (
				FBD7D2C72D6F797D00C40ABC /* Agenda Shuffle.app */,
			);
			name = Products;
			sourceTree = "<group>";
		};
		FBD7D2C92D6F797D00C40ABC /* Agenda Shuffle */ = {
			isa = PBXGroup;
			children = (
				FB9EAE412D7618BC00970D55 /* Pantallas */,
				FBD7D2DF2D6F85A700C40ABC /* Modelos */,
				FBD7D2DC2D6F7F4D00C40ABC /* Componentes */,
				FBD7D2D02D6F797E00C40ABC /* Preview Content */,
				FBD7D2CA2D6F797D00C40ABC /* Agenda_ShuffleApp.swift */,
				FBD7D2CE2D6F797E00C40ABC /* Assets.xcassets */,
				FBD7D2DA2D6F7C1A00C40ABC /* PantallaAgenda.swift */,
			);
			path = "Agenda Shuffle";
			sourceTree = "<group>";
		};
		FBD7D2D02D6F797E00C40ABC /* Preview Content */ = {
			isa = PBXGroup;
			children = (
				FBD7D2D12D6F797E00C40ABC /* Preview Assets.xcassets */,
			);
			path = "Preview Content";
			sourceTree = "<group>";
		};
		FBD7D2DC2D6F7F4D00C40ABC /* Componentes */ = {
			isa = PBXGroup;
			children = (
				FB9EAE462D761C4300970D55 /* Icono.swift */,
				FBD7D2DD2D6F7FC200C40ABC /* contacto_prevista.swift */,
				FB3F35092D78BF44003E9387 /* barra_busqueda.swift */,
			);
			path = Componentes;
			sourceTree = "<group>";
		};
		FBD7D2DF2D6F85A700C40ABC /* Modelos */ = {
			isa = PBXGroup;
			children = (
				FBD7D2E02D6F871500C40ABC /* contacto_agenda.swift */,
			);
			path = Modelos;
			sourceTree = "<group>";
		};
/* End PBXGroup section */

/* Begin PBXNativeTarget section */
		FBD7D2C62D6F797D00C40ABC /* Agenda Shuffle */ = {
			isa = PBXNativeTarget;
			buildConfigurationList = FBD7D2D52D6F797E00C40ABC /* Build configuration list for PBXNativeTarget "Agenda Shuffle" */;
			buildPhases = (
				FBD7D2C32D6F797D00C40ABC /* Sources */,
				FBD7D2C42D6F797D00C40ABC /* Frameworks */,
				FBD7D2C52D6F797D00C40ABC /* Resources */,
			);
			buildRules = (
			);
			dependencies = (
			);
			name = "Agenda Shuffle";
			productName = "Agenda Shuffle";
			productReference = FBD7D2C72D6F797D00C40ABC /* Agenda Shuffle.app */;
			productType = "com.apple.product-type.application";
		};
/* End PBXNativeTarget section */

/* Begin PBXProject section */
		FBD7D2BF2D6F797D00C40ABC /* Project object */ = {
			isa = PBXProject;
			attributes = {
				BuildIndependentTargetsInParallel = 1;
				LastSwiftUpdateCheck = 1540;
				LastUpgradeCheck = 1540;
				TargetAttributes = {
					FBD7D2C62D6F797D00C40ABC = {
						CreatedOnToolsVersion = 15.4;
					};
				};
			};
			buildConfigurationList = FBD7D2C22D6F797D00C40ABC /* Build configuration list for PBXProject "Agenda Shuffle" */;
			compatibilityVersion = "Xcode 14.0";
			developmentRegion = en;
			hasScannedForEncodings = 0;
			knownRegions = (
				en,
				Base,
			);
			mainGroup = FBD7D2BE2D6F797D00C40ABC;
			productRefGroup = FBD7D2C82D6F797D00C40ABC /* Products */;
			projectDirPath = "";
			projectRoot = "";
			targets = (
				FBD7D2C62D6F797D00C40ABC /* Agenda Shuffle */,
			);
		};
/* End PBXProject section */

/* Begin PBXResourcesBuildPhase section */
		FBD7D2C52D6F797D00C40ABC /* Resources */ = {
			isa = PBXResourcesBuildPhase;
			buildActionMask = 2147483647;
			files = (
				FBD7D2D22D6F797E00C40ABC /* Preview Assets.xcassets in Resources */,
				FBD7D2CF2D6F797E00C40ABC /* Assets.xcassets in Resources */,
			);
			runOnlyForDeploymentPostprocessing = 0;
		};
/* End PBXResourcesBuildPhase section */

/* Begin PBXSourcesBuildPhase section */
		FBD7D2C32D6F797D00C40ABC /* Sources */ = {
			isa = PBXSourcesBuildPhase;
			buildActionMask = 2147483647;
			files = (
				FB3F350A2D78BF44003E9387 /* barra_busqueda.swift in Sources */,
				FB9EAE472D761C4300970D55 /* Icono.swift in Sources */,
				FBD7D2DB2D6F7C1A00C40ABC /* PantallaAgenda.swift in Sources */,
				FBD7D2DE2D6F7FC200C40ABC /* contacto_prevista.swift in Sources */,
				FB3F35082D78BCE1003E9387 /* pantalla_del_ganador.swift in Sources */,
				FBD7D2E12D6F871500C40ABC /* contacto_agenda.swift in Sources */,
				FB9EAE432D7618DE00970D55 /* pantalla_agregar_contacto.swift in Sources */,
				FBD7D2CB2D6F797D00C40ABC /* Agenda_ShuffleApp.swift in Sources */,
			);
			runOnlyForDeploymentPostprocessing = 0;
		};
/* End PBXSourcesBuildPhase section */

/* Begin XCBuildConfiguration section */
		FBD7D2D32D6F797E00C40ABC /* Debug */ = {
			isa = XCBuildConfiguration;
			buildSettings = {
				ALWAYS_SEARCH_USER_PATHS = NO;
				ASSETCATALOG_COMPILER_GENERATE_SWIFT_ASSET_SYMBOL_EXTENSIONS = YES;
				CLANG_ANALYZER_NONNULL = YES;
				CLANG_ANALYZER_NUMBER_OBJECT_CONVERSION = YES_AGGRESSIVE;
				CLANG_CXX_LANGUAGE_STANDARD = "gnu++20";
				CLANG_ENABLE_MODULES = YES;
				CLANG_ENABLE_OBJC_ARC = YES;
				CLANG_ENABLE_OBJC_WEAK = YES;
				CLANG_WARN_BLOCK_CAPTURE_AUTORELEASING = YES;
				CLANG_WARN_BOOL_CONVERSION = YES;
				CLANG_WARN_COMMA = YES;
				CLANG_WARN_CONSTANT_CONVERSION = YES;
				CLANG_WARN_DEPRECATED_OBJC_IMPLEMENTATIONS = YES;
				CLANG_WARN_DIRECT_OBJC_ISA_USAGE = YES_ERROR;
				CLANG_WARN_DOCUMENTATION_COMMENTS = YES;
				CLANG_WARN_EMPTY_BODY = YES;
				CLANG_WARN_ENUM_CONVERSION = YES;
				CLANG_WARN_INFINITE_RECURSION = YES;
				CLANG_WARN_INT_CONVERSION = YES;
				CLANG_WARN_NON_LITERAL_NULL_CONVERSION = YES;
				CLANG_WARN_OBJC_IMPLICIT_RETAIN_SELF = YES;
				CLANG_WARN_OBJC_LITERAL_CONVERSION = YES;
				CLANG_WARN_OBJC_ROOT_CLASS = YES_ERROR;
				CLANG_WARN_QUOTED_INCLUDE_IN_FRAMEWORK_HEADER = YES;
				CLANG_WARN_RANGE_LOOP_ANALYSIS = YES;
				CLANG_WARN_STRICT_PROTOTYPES = YES;
				CLANG_WARN_SUSPICIOUS_MOVE = YES;
				CLANG_WARN_UNGUARDED_AVAILABILITY = YES_AGGRESSIVE;
				CLANG_WARN_UNREACHABLE_CODE = YES;
				CLANG_WARN__DUPLICATE_METHOD_MATCH = YES;
				COPY_PHASE_STRIP = NO;
				DEBUG_INFORMATION_FORMAT = dwarf;
				ENABLE_STRICT_OBJC_MSGSEND = YES;
				ENABLE_TESTABILITY = YES;
				ENABLE_USER_SCRIPT_SANDBOXING = YES;
				GCC_C_LANGUAGE_STANDARD = gnu17;
				GCC_DYNAMIC_NO_PIC = NO;
				GCC_NO_COMMON_BLOCKS = YES;
				GCC_OPTIMIZATION_LEVEL = 0;
				GCC_PREPROCESSOR_DEFINITIONS = (
					"DEBUG=1",
					"$(inherited)",
				);
				GCC_WARN_64_TO_32_BIT_CONVERSION = YES;
				GCC_WARN_ABOUT_RETURN_TYPE = YES_ERROR;
				GCC_WARN_UNDECLARED_SELECTOR = YES;
				GCC_WARN_UNINITIALIZED_AUTOS = YES_AGGRESSIVE;
				GCC_WARN_UNUSED_FUNCTION = YES;
				GCC_WARN_UNUSED_VARIABLE = YES;
				IPHONEOS_DEPLOYMENT_TARGET = 17.5;
				LOCALIZATION_PREFERS_STRING_CATALOGS = YES;
				MTL_ENABLE_DEBUG_INFO = INCLUDE_SOURCE;
				MTL_FAST_MATH = YES;
				ONLY_ACTIVE_ARCH = YES;
				SDKROOT = iphoneos;
				SWIFT_ACTIVE_COMPILATION_CONDITIONS = "DEBUG $(inherited)";
				SWIFT_OPTIMIZATION_LEVEL = "-Onone";
			};
			name = Debug;
		};
		FBD7D2D42D6F797E00C40ABC /* Release */ = {
			isa = XCBuildConfiguration;
			buildSettings = {
				ALWAYS_SEARCH_USER_PATHS = NO;
				ASSETCATALOG_COMPILER_GENERATE_SWIFT_ASSET_SYMBOL_EXTENSIONS = YES;
				CLANG_ANALYZER_NONNULL = YES;
				CLANG_ANALYZER_NUMBER_OBJECT_CONVERSION = YES_AGGRESSIVE;
				CLANG_CXX_LANGUAGE_STANDARD = "gnu++20";
				CLANG_ENABLE_MODULES = YES;
				CLANG_ENABLE_OBJC_ARC = YES;
				CLANG_ENABLE_OBJC_WEAK = YES;
				CLANG_WARN_BLOCK_CAPTURE_AUTORELEASING = YES;
				CLANG_WARN_BOOL_CONVERSION = YES;
				CLANG_WARN_COMMA = YES;
				CLANG_WARN_CONSTANT_CONVERSION = YES;
				CLANG_WARN_DEPRECATED_OBJC_IMPLEMENTATIONS = YES;
				CLANG_WARN_DIRECT_OBJC_ISA_USAGE = YES_ERROR;
				CLANG_WARN_DOCUMENTATION_COMMENTS = YES;
				CLANG_WARN_EMPTY_BODY = YES;
				CLANG_WARN_ENUM_CONVERSION = YES;
				CLANG_WARN_INFINITE_RECURSION = YES;
				CLANG_WARN_INT_CONVERSION = YES;
				CLANG_WARN_NON_LITERAL_NULL_CONVERSION = YES;
				CLANG_WARN_OBJC_IMPLICIT_RETAIN_SELF = YES;
				CLANG_WARN_OBJC_LITERAL_CONVERSION = YES;
				CLANG_WARN_OBJC_ROOT_CLASS = YES_ERROR;
				CLANG_WARN_QUOTED_INCLUDE_IN_FRAMEWORK_HEADER = YES;
				CLANG_WARN_RANGE_LOOP_ANALYSIS = YES;
				CLANG_WARN_STRICT_PROTOTYPES = YES;
				CLANG_WARN_SUSPICIOUS_MOVE = YES;
				CLANG_WARN_UNGUARDED_AVAILABILITY = YES_AGGRESSIVE;
				CLANG_WARN_UNREACHABLE_CODE = YES;
				CLANG_WARN__DUPLICATE_METHOD_MATCH = YES;
				COPY_PHASE_STRIP = NO;
				DEBUG_INFORMATION_FORMAT = "dwarf-with-dsym";
				ENABLE_NS_ASSERTIONS = NO;
				ENABLE_STRICT_OBJC_MSGSEND = YES;
				ENABLE_USER_SCRIPT_SANDBOXING = YES;
				GCC_C_LANGUAGE_STANDARD = gnu17;
				GCC_NO_COMMON_BLOCKS = YES;
				GCC_WARN_64_TO_32_BIT_CONVERSION = YES;
				GCC_WARN_ABOUT_RETURN_TYPE = YES_ERROR;
				GCC_WARN_UNDECLARED_SELECTOR = YES;
				GCC_WARN_UNINITIALIZED_AUTOS = YES_AGGRESSIVE;
				GCC_WARN_UNUSED_FUNCTION = YES;
				GCC_WARN_UNUSED_VARIABLE = YES;
				IPHONEOS_DEPLOYMENT_TARGET = 17.5;
				LOCALIZATION_PREFERS_STRING_CATALOGS = YES;
				MTL_ENABLE_DEBUG_INFO = NO;
				MTL_FAST_MATH = YES;
				SDKROOT = iphoneos;
				SWIFT_COMPILATION_MODE = wholemodule;
				VALIDATE_PRODUCT = YES;
			};
			name = Release;
		};
		FBD7D2D62D6F797E00C40ABC /* Debug */ = {
			isa = XCBuildConfiguration;
			buildSettings = {
				ASSETCATALOG_COMPILER_APPICON_NAME = AppIcon;
				ASSETCATALOG_COMPILER_GLOBAL_ACCENT_COLOR_NAME = AccentColor;
				CODE_SIGN_STYLE = Automatic;
				CURRENT_PROJECT_VERSION = 1;
				DEVELOPMENT_ASSET_PATHS = "\"Agenda Shuffle/Preview Content\"";
				ENABLE_PREVIEWS = YES;
				GENERATE_INFOPLIST_FILE = YES;
				INFOPLIST_KEY_UIApplicationSceneManifest_Generation = YES;
				INFOPLIST_KEY_UIApplicationSupportsIndirectInputEvents = YES;
				INFOPLIST_KEY_UILaunchScreen_Generation = YES;
				INFOPLIST_KEY_UISupportedInterfaceOrientations_iPad = "UIInterfaceOrientationPortrait UIInterfaceOrientationPortraitUpsideDown UIInterfaceOrientationLandscapeLeft UIInterfaceOrientationLandscapeRight";
				INFOPLIST_KEY_UISupportedInterfaceOrientations_iPhone = "UIInterfaceOrientationPortrait UIInterfaceOrientationLandscapeLeft UIInterfaceOrientationLandscapeRight";
				LD_RUNPATH_SEARCH_PATHS = (
					"$(inherited)",
					"@executable_path/Frameworks",
				);
				MARKETING_VERSION = 1.0;
				PRODUCT_BUNDLE_IDENTIFIER = "mx.alumnos.uacj.Agenda-Shuffle";
				PRODUCT_NAME = "$(TARGET_NAME)";
				SWIFT_EMIT_LOC_STRINGS = YES;
				SWIFT_VERSION = 5.0;
				TARGETED_DEVICE_FAMILY = "1,2";
			};
			name = Debug;
		};
		FBD7D2D72D6F797E00C40ABC /* Release */ = {
			isa = XCBuildConfiguration;
			buildSettings = {
				ASSETCATALOG_COMPILER_APPICON_NAME = AppIcon;
				ASSETCATALOG_COMPILER_GLOBAL_ACCENT_COLOR_NAME = AccentColor;
				CODE_SIGN_STYLE = Automatic;
				CURRENT_PROJECT_VERSION = 1;
				DEVELOPMENT_ASSET_PATHS = "\"Agenda Shuffle/Preview Content\"";
				ENABLE_PREVIEWS = YES;
				GENERATE_INFOPLIST_FILE = YES;
				INFOPLIST_KEY_UIApplicationSceneManifest_Generation = YES;
				INFOPLIST_KEY_UIApplicationSupportsIndirectInputEvents = YES;
				INFOPLIST_KEY_UILaunchScreen_Generation = YES;
				INFOPLIST_KEY_UISupportedInterfaceOrientations_iPad = "UIInterfaceOrientationPortrait UIInterfaceOrientationPortraitUpsideDown UIInterfaceOrientationLandscapeLeft UIInterfaceOrientationLandscapeRight";
				INFOPLIST_KEY_UISupportedInterfaceOrientations_iPhone = "UIInterfaceOrientationPortrait UIInterfaceOrientationLandscapeLeft UIInterfaceOrientationLandscapeRight";
				LD_RUNPATH_SEARCH_PATHS = (
					"$(inherited)",
					"@executable_path/Frameworks",
				);
				MARKETING_VERSION = 1.0;
				PRODUCT_BUNDLE_IDENTIFIER = "mx.alumnos.uacj.Agenda-Shuffle";
				PRODUCT_NAME = "$(TARGET_NAME)";
				SWIFT_EMIT_LOC_STRINGS = YES;
				SWIFT_VERSION = 5.0;
				TARGETED_DEVICE_FAMILY = "1,2";
			};
			name = Release;
		};
/* End XCBuildConfiguration section */

/* Begin XCConfigurationList section */
		FBD7D2C22D6F797D00C40ABC /* Build configuration list for PBXProject "Agenda Shuffle" */ = {
			isa = XCConfigurationList;
			buildConfigurations = (
				FBD7D2D32D6F797E00C40ABC /* Debug */,
				FBD7D2D42D6F797E00C40ABC /* Release */,
			);
			defaultConfigurationIsVisible = 0;
			defaultConfigurationName = Release;
		};
		FBD7D2D52D6F797E00C40ABC /* Build configuration list for PBXNativeTarget "Agenda Shuffle" */ = {
			isa = XCConfigurationList;
			buildConfigurations = (
				FBD7D2D62D6F797E00C40ABC /* Debug */,
				FBD7D2D72D6F797E00C40ABC /* Release */,
			);
			defaultConfigurationIsVisible = 0;
			defaultConfigurationName = Release;
		};
/* End XCConfigurationList section */
	};
	rootObject = FBD7D2BF2D6F797D00C40ABC /* Project object */;
}
